<?xml version="1.0" encoding="utf-8"?>
<Project ToolsVersion="4.0" xmlns="http://schemas.microsoft.com/developer/msbuild/2003">
  <ItemGroup>
    <Filter Include="Source Files">
      <UniqueIdentifier>{4FC737F1-C7A5-4376-A066-2A32D752A2FF}</UniqueIdentifier>
      <Extensions>cpp;c;cc;cxx;def;odl;idl;hpj;bat;asm;asmx</Extensions>
    </Filter>
    <Filter Include="Header Files">
      <UniqueIdentifier>{93995380-89BD-4b04-88EB-625FBE52EBFB}</UniqueIdentifier>
      <Extensions>h;hpp;hxx;hm;inl;inc;xsd</Extensions>
    </Filter>
  </ItemGroup>
  <ItemGroup>
    <ClCompile Include="src\file.cpp">
      <Filter>Source Files</Filter>
    </ClCompile>
    <ClCompile Include="src\ipaddress.cpp">
      <Filter>Source Files</Filter>
    </ClCompile>
    <ClCompile Include="src\mutex.cpp">
      <Filter>Source Files</Filter>
    </ClCompile>
    <ClCompile Include="src\refcounted.cpp">
      <Filter>Source Files</Filter>
    </ClCompile>
    <ClCompile Include="src\socket.cpp">
      <Filter>Source Files</Filter>
    </ClCompile>
    <ClCompile Include="src\system_exception.cpp">
      <Filter>Source Files</Filter>
    </ClCompile>
    <ClCompile Include="src\task.cpp">
      <Filter>Source Files</Filter>
    </ClCompile>
    <ClCompile Include="src\tcpsocket.cpp">
      <Filter>Source Files</Filter>
    </ClCompile>
    <ClCompile Include="src\thread.cpp">
      <Filter>Source Files</Filter>
    </ClCompile>
    <ClCompile Include="src\timer.cpp">
      <Filter>Source Files</Filter>
    </ClCompile>
    <ClCompile Include="src\useful.cpp">
      <Filter>Source Files</Filter>
    </ClCompile>
    <ClCompile Include="src\tcpclient.cpp">
      <Filter>Source Files</Filter>
    </ClCompile>
    <ClCompile Include="src\tcpserver.cpp">
      <Filter>Source Files</Filter>
    </ClCompile>
    <ClCompile Include="src\condition.cpp">
      <Filter>Source Files</Filter>
    </ClCompile>
    <ClCompile Include="src\semaphorp.cpp">
      <Filter>Source Files</Filter>
    </ClCompile>
  </ItemGroup>
  <ItemGroup>
    <ClInclude Include="include\common_types.h">
      <Filter>Header Files</Filter>
    </ClInclude>
    <ClInclude Include="include\file.h">
      <Filter>Header Files</Filter>
    </ClInclude>
    <ClInclude Include="include\generic_exception.h">
      <Filter>Header Files</Filter>
    </ClInclude>
    <ClInclude Include="include\guard.h">
      <Filter>Header Files</Filter>
    </ClInclude>
    <ClInclude Include="include\ipaddress.h">
      <Filter>Header Files</Filter>
    </ClInclude>
    <ClInclude Include="include\message.h">
      <Filter>Header Files</Filter>
    </ClInclude>
    <ClInclude Include="include\mutex.h">
      <Filter>Header Files</Filter>
    </ClInclude>
    <ClInclude Include="include\refcounted.h">
      <Filter>Header Files</Filter>
    </ClInclude>
    <ClInclude Include="include\socket.h">
      <Filter>Header Files</Filter>
    </ClInclude>
    <ClInclude Include="include\system_defines.h">
      <Filter>Header Files</Filter>
    </ClInclude>
    <ClInclude Include="include\system_exception.h">
      <Filter>Header Files</Filter>
    </ClInclude>
    <ClInclude Include="include\task.h">
      <Filter>Header Files</Filter>
    </ClInclude>
    <ClInclude Include="include\task_impl.h">
      <Filter>Header Files</Filter>
    </ClInclude>
    <ClInclude Include="include\tcpsocket.h">
      <Filter>Header Files</Filter>
    </ClInclude>
    <ClInclude Include="include\thread.h">
      <Filter>Header Files</Filter>
    </ClInclude>
    <ClInclude Include="include\timer.h">
      <Filter>Header Files</Filter>
    </ClInclude>
    <ClInclude Include="include\useful.h">
      <Filter>Header Files</Filter>
    </ClInclude>
    <ClInclude Include="include\notify_base.h">
      <Filter>Header Files</Filter>
    </ClInclude>
    <ClInclude Include="include\tcpclient.h">
      <Filter>Header Files</Filter>
    </ClInclude>
    <ClInclude Include="include\tcpserver.h">
      <Filter>Header Files</Filter>
    </ClInclude>
    <ClInclude Include="include\semaphorp.h">
      <Filter>Header Files</Filter>
    </ClInclude>
  </ItemGroup>
</Project>